
Microsoft Visual Studio Solution File, Format Version 12.00
# Visual Studio Version 17
VisualStudioVersion = 17.13.35825.156
MinimumVisualStudioVersion = 10.0.40219.1
Project("{FAE04EC0-301F-11D3-BF4B-00C04F79EFBC}") = "WebApplication6", "WebApplication6\WebApplication6.csproj", "{C7A0867A-6ADD-43C3-A751-78E43C5DEB0C}"
EndProject
Project("{FAE04EC0-301F-11D3-BF4B-00C04F79EFBC}") = "WebApplication6.Tests", "WebApplication6.Tests\WebApplication6.Tests.csproj", "{E9753734-6092-457E-A27A-DEC84CC788DA}"
EndProject
Global
	GlobalSection(SolutionConfigurationPlatforms) = preSolution
		Debug|Any CPU = Debug|Any CPU
		Release|Any CPU = Release|Any CPU
	EndGlobalSection
	GlobalSection(ProjectConfigurationPlatforms) = postSolution
		{C7A0867A-6ADD-43C3-A751-78E43C5DEB0C}.Debug|Any CPU.ActiveCfg = Debug|Any CPU
		{C7A0867A-6ADD-43C3-A751-78E43C5DEB0C}.Debug|Any CPU.Build.0 = Debug|Any CPU
		{C7A0867A-6ADD-43C3-A751-78E43C5DEB0C}.Release|Any CPU.ActiveCfg = Release|Any CPU
		{C7A0867A-6ADD-43C3-A751-78E43C5DEB0C}.Release|Any CPU.Build.0 = Release|Any CPU
		{E9753734-6092-457E-A27A-DEC84CC788DA}.Debug|Any CPU.ActiveCfg = Debug|Any CPU
		{E9753734-6092-457E-A27A-DEC84CC788DA}.Debug|Any CPU.Build.0 = Debug|Any CPU
		{E9753734-6092-457E-A27A-DEC84CC788DA}.Release|Any CPU.ActiveCfg = Release|Any CPU
		{E9753734-6092-457E-A27A-DEC84CC788DA}.Release|Any CPU.Build.0 = Release|Any CPU
	EndGlobalSection
	GlobalSection(SolutionProperties) = preSolution
		HideSolutionNode = FALSE
	EndGlobalSection
	GlobalSection(ExtensibilityGlobals) = postSolution
		SolutionGuid = {601C415F-8803-4A88-A2CE-302725EE5CC0}
	EndGlobalSection
EndGlobal
